
Microsoft Visual Studio Solution File, Format Version 12.00
# Visual Studio Version 17
VisualStudioVersion = 17.13.35919.96 d17.13
MinimumVisualStudioVersion = 10.0.40219.1
Project("{FAE04EC0-301F-11D3-BF4B-00C04F79EFBC}") = "CosyHotel", "CosyHotel\CosyHotel.csproj", "{A110C87D-8EDB-4632-A666-8CC68B1AA9A5}"
EndProject
Project("{FAE04EC0-301F-11D3-BF4B-00C04F79EFBC}") = "Tools", "..\Tools\Tools.csproj", "{BC7D322B-31FD-136E-D08E-ECAEA5480547}"
EndProject
Project("{FAE04EC0-301F-11D3-BF4B-00C04F79EFBC}") = "Player", "..\Player\Player.csproj", "{9F976D04-69F5-2A04-9419-26CDC1978E89}"
EndProject
Project("{FAE04EC0-301F-11D3-BF4B-00C04F79EFBC}") = "ScreenHandling", "ScreenHandling\ScreenHandling.csproj", "{00E3762E-650A-4F1E-98B1-9AFC0B546012}"
EndProject
Project("{FAE04EC0-301F-11D3-BF4B-00C04F79EFBC}") = "GameState", "GameState\GameState.csproj", "{DABAEB8A-5E4D-49E8-A1DF-F6037ADB8717}"
EndProject
Project("{FAE04EC0-301F-11D3-BF4B-00C04F79EFBC}") = "Drawing", "Drawing\Drawing.csproj", "{CB9BE3FE-4069-47ED-BEB9-EDAE317AEE99}"
EndProject
Project("{FAE04EC0-301F-11D3-BF4B-00C04F79EFBC}") = "MapBuilder", "MapBuilder\MapBuilder.csproj", "{B656B3E4-117D-4F6F-8DDD-57F93A8CBF97}"
EndProject
Global
	GlobalSection(SolutionConfigurationPlatforms) = preSolution
		Debug|Any CPU = Debug|Any CPU
		Release|Any CPU = Release|Any CPU
	EndGlobalSection
	GlobalSection(ProjectConfigurationPlatforms) = postSolution
		{A110C87D-8EDB-4632-A666-8CC68B1AA9A5}.Debug|Any CPU.ActiveCfg = Debug|Any CPU
		{A110C87D-8EDB-4632-A666-8CC68B1AA9A5}.Debug|Any CPU.Build.0 = Debug|Any CPU
		{A110C87D-8EDB-4632-A666-8CC68B1AA9A5}.Release|Any CPU.ActiveCfg = Release|Any CPU
		{A110C87D-8EDB-4632-A666-8CC68B1AA9A5}.Release|Any CPU.Build.0 = Release|Any CPU
		{BC7D322B-31FD-136E-D08E-ECAEA5480547}.Debug|Any CPU.ActiveCfg = Debug|Any CPU
		{BC7D322B-31FD-136E-D08E-ECAEA5480547}.Debug|Any CPU.Build.0 = Debug|Any CPU
		{BC7D322B-31FD-136E-D08E-ECAEA5480547}.Release|Any CPU.ActiveCfg = Release|Any CPU
		{BC7D322B-31FD-136E-D08E-ECAEA5480547}.Release|Any CPU.Build.0 = Release|Any CPU
		{9F976D04-69F5-2A04-9419-26CDC1978E89}.Debug|Any CPU.ActiveCfg = Debug|Any CPU
		{9F976D04-69F5-2A04-9419-26CDC1978E89}.Debug|Any CPU.Build.0 = Debug|Any CPU
		{9F976D04-69F5-2A04-9419-26CDC1978E89}.Release|Any CPU.ActiveCfg = Release|Any CPU
		{9F976D04-69F5-2A04-9419-26CDC1978E89}.Release|Any CPU.Build.0 = Release|Any CPU
		{00E3762E-650A-4F1E-98B1-9AFC0B546012}.Debug|Any CPU.ActiveCfg = Debug|Any CPU
		{00E3762E-650A-4F1E-98B1-9AFC0B546012}.Debug|Any CPU.Build.0 = Debug|Any CPU
		{00E3762E-650A-4F1E-98B1-9AFC0B546012}.Release|Any CPU.ActiveCfg = Release|Any CPU
		{00E3762E-650A-4F1E-98B1-9AFC0B546012}.Release|Any CPU.Build.0 = Release|Any CPU
		{DABAEB8A-5E4D-49E8-A1DF-F6037ADB8717}.Debug|Any CPU.ActiveCfg = Debug|Any CPU
		{DABAEB8A-5E4D-49E8-A1DF-F6037ADB8717}.Debug|Any CPU.Build.0 = Debug|Any CPU
		{DABAEB8A-5E4D-49E8-A1DF-F6037ADB8717}.Release|Any CPU.ActiveCfg = Release|Any CPU
		{DABAEB8A-5E4D-49E8-A1DF-F6037ADB8717}.Release|Any CPU.Build.0 = Release|Any CPU
		{CB9BE3FE-4069-47ED-BEB9-EDAE317AEE99}.Debug|Any CPU.ActiveCfg = Debug|Any CPU
		{CB9BE3FE-4069-47ED-BEB9-EDAE317AEE99}.Debug|Any CPU.Build.0 = Debug|Any CPU
		{CB9BE3FE-4069-47ED-BEB9-EDAE317AEE99}.Release|Any CPU.ActiveCfg = Release|Any CPU
		{CB9BE3FE-4069-47ED-BEB9-EDAE317AEE99}.Release|Any CPU.Build.0 = Release|Any CPU
		{B656B3E4-117D-4F6F-8DDD-57F93A8CBF97}.Debug|Any CPU.ActiveCfg = Debug|Any CPU
		{B656B3E4-117D-4F6F-8DDD-57F93A8CBF97}.Debug|Any CPU.Build.0 = Debug|Any CPU
		{B656B3E4-117D-4F6F-8DDD-57F93A8CBF97}.Release|Any CPU.ActiveCfg = Release|Any CPU
		{B656B3E4-117D-4F6F-8DDD-57F93A8CBF97}.Release|Any CPU.Build.0 = Release|Any CPU
	EndGlobalSection
	GlobalSection(SolutionProperties) = preSolution
		HideSolutionNode = FALSE
	EndGlobalSection
	GlobalSection(ExtensibilityGlobals) = postSolution
		SolutionGuid = {C501EBFB-A82C-4F1F-A814-252AB37C06D1}
	EndGlobalSection
EndGlobal
